
Microsoft Visual Studio Solution File, Format Version 12.00
# Visual Studio 2013
VisualStudioVersion = 12.0.31101.0
MinimumVisualStudioVersion = 10.0.40219.1
Project("{2150E333-8FDC-42A3-9474-1A3956D46DE8}") = "Tests", "Tests", "{278E2EAC-8377-4062-97B2-42AD85A51A91}"
EndProject
Project("{FAE04EC0-301F-11D3-BF4B-00C04F79EFBC}") = "WebTorrent.Domain", "WebTorrent.Domain\WebTorrent.Domain.csproj", "{DFA3C303-CFFB-4DD0-ACFB-293E43B717BB}"
EndProject
Project("{FAE04EC0-301F-11D3-BF4B-00C04F79EFBC}") = "WebTorrent.WebApp", "WebTorrent.WebApp\WebTorrent.WebApp.csproj", "{43C0DC96-E257-44F5-B95C-35DC75C0DFD2}"
EndProject
Project("{FAE04EC0-301F-11D3-BF4B-00C04F79EFBC}") = "WebTorrent.TorrentLib", "WebTorrent.TorrentLib\WebTorrent.TorrentLib.csproj", "{5C2842E0-06A0-4331-8629-F5146100F319}"
EndProject
Project("{FAE04EC0-301F-11D3-BF4B-00C04F79EFBC}") = "WebTorrent.TorrentLib.Tests", "WebTorrent.TorrentLib.Tests\WebTorrent.TorrentLib.Tests.csproj", "{CB04306F-9141-488C-99B3-3A8F238CE915}"
EndProject
Project("{FAE04EC0-301F-11D3-BF4B-00C04F79EFBC}") = "Common.Utils", "Common.Utils\Common.Utils.csproj", "{5A5A498E-ED1B-47BA-B1DA-8A1466F823D5}"
EndProject
Project("{2150E333-8FDC-42A3-9474-1A3956D46DE8}") = "Common", "Common", "{513C207E-A393-4E3C-87F4-7B2552CF793C}"
	ProjectSection(SolutionItems) = preProject
		interface-prototype.jpg = interface-prototype.jpg
	EndProjectSection
EndProject
Project("{FAE04EC0-301F-11D3-BF4B-00C04F79EFBC}") = "BuildGenerator", "BuildGenerator\BuildGenerator.csproj", "{B03959DC-BB82-4FA6-809A-8DFE8957CF3D}"
EndProject
Project("{FAE04EC0-301F-11D3-BF4B-00C04F79EFBC}") = "WebTorrent.Data", "WebTorrent.Data\WebTorrent.Data.csproj", "{7EC68EAB-D175-4414-A064-95BAABFA2918}"
EndProject
Global
	GlobalSection(SolutionConfigurationPlatforms) = preSolution
		Debug|Any CPU = Debug|Any CPU
		Release|Any CPU = Release|Any CPU
	EndGlobalSection
	GlobalSection(ProjectConfigurationPlatforms) = postSolution
		{DFA3C303-CFFB-4DD0-ACFB-293E43B717BB}.Debug|Any CPU.ActiveCfg = Debug|Any CPU
		{DFA3C303-CFFB-4DD0-ACFB-293E43B717BB}.Debug|Any CPU.Build.0 = Debug|Any CPU
		{DFA3C303-CFFB-4DD0-ACFB-293E43B717BB}.Release|Any CPU.ActiveCfg = Release|Any CPU
		{DFA3C303-CFFB-4DD0-ACFB-293E43B717BB}.Release|Any CPU.Build.0 = Release|Any CPU
		{43C0DC96-E257-44F5-B95C-35DC75C0DFD2}.Debug|Any CPU.ActiveCfg = Debug|Any CPU
		{43C0DC96-E257-44F5-B95C-35DC75C0DFD2}.Debug|Any CPU.Build.0 = Debug|Any CPU
		{43C0DC96-E257-44F5-B95C-35DC75C0DFD2}.Release|Any CPU.ActiveCfg = Release|Any CPU
		{43C0DC96-E257-44F5-B95C-35DC75C0DFD2}.Release|Any CPU.Build.0 = Release|Any CPU
		{5C2842E0-06A0-4331-8629-F5146100F319}.Debug|Any CPU.ActiveCfg = Debug|Any CPU
		{5C2842E0-06A0-4331-8629-F5146100F319}.Debug|Any CPU.Build.0 = Debug|Any CPU
		{5C2842E0-06A0-4331-8629-F5146100F319}.Release|Any CPU.ActiveCfg = Release|Any CPU
		{5C2842E0-06A0-4331-8629-F5146100F319}.Release|Any CPU.Build.0 = Release|Any CPU
		{CB04306F-9141-488C-99B3-3A8F238CE915}.Debug|Any CPU.ActiveCfg = Debug|Any CPU
		{CB04306F-9141-488C-99B3-3A8F238CE915}.Debug|Any CPU.Build.0 = Debug|Any CPU
		{CB04306F-9141-488C-99B3-3A8F238CE915}.Release|Any CPU.ActiveCfg = Release|Any CPU
		{CB04306F-9141-488C-99B3-3A8F238CE915}.Release|Any CPU.Build.0 = Release|Any CPU
		{5A5A498E-ED1B-47BA-B1DA-8A1466F823D5}.Debug|Any CPU.ActiveCfg = Debug|Any CPU
		{5A5A498E-ED1B-47BA-B1DA-8A1466F823D5}.Debug|Any CPU.Build.0 = Debug|Any CPU
		{5A5A498E-ED1B-47BA-B1DA-8A1466F823D5}.Release|Any CPU.ActiveCfg = Release|Any CPU
		{5A5A498E-ED1B-47BA-B1DA-8A1466F823D5}.Release|Any CPU.Build.0 = Release|Any CPU
		{B03959DC-BB82-4FA6-809A-8DFE8957CF3D}.Debug|Any CPU.ActiveCfg = Debug|Any CPU
		{B03959DC-BB82-4FA6-809A-8DFE8957CF3D}.Debug|Any CPU.Build.0 = Debug|Any CPU
		{B03959DC-BB82-4FA6-809A-8DFE8957CF3D}.Release|Any CPU.ActiveCfg = Release|Any CPU
		{B03959DC-BB82-4FA6-809A-8DFE8957CF3D}.Release|Any CPU.Build.0 = Release|Any CPU
		{7EC68EAB-D175-4414-A064-95BAABFA2918}.Debug|Any CPU.ActiveCfg = Debug|Any CPU
		{7EC68EAB-D175-4414-A064-95BAABFA2918}.Debug|Any CPU.Build.0 = Debug|Any CPU
		{7EC68EAB-D175-4414-A064-95BAABFA2918}.Release|Any CPU.ActiveCfg = Release|Any CPU
		{7EC68EAB-D175-4414-A064-95BAABFA2918}.Release|Any CPU.Build.0 = Release|Any CPU
	EndGlobalSection
	GlobalSection(SolutionProperties) = preSolution
		HideSolutionNode = FALSE
	EndGlobalSection
	GlobalSection(NestedProjects) = preSolution
		{CB04306F-9141-488C-99B3-3A8F238CE915} = {278E2EAC-8377-4062-97B2-42AD85A51A91}
	EndGlobalSection
EndGlobal
